
Microsoft Visual Studio Solution File, Format Version 12.00
# Visual Studio 15
VisualStudioVersion = 15.0.26730.12
MinimumVisualStudioVersion = 10.0.40219.1
Project("{8BC9CEB8-8B4A-11D0-8D11-00A0C91BC942}") = "CarTracker.PiReader", "CarTracker.PiReader\CarTracker.PiReader.vcxproj", "{14CED9EF-957D-4777-BB35-DF55F5C33D6D}"
EndProject
Global
	GlobalSection(SolutionConfigurationPlatforms) = preSolution
		Debug|ARM = Debug|ARM
		Debug|x64 = Debug|x64
		Debug|x86 = Debug|x86
		Release|ARM = Release|ARM
		Release|x64 = Release|x64
		Release|x86 = Release|x86
	EndGlobalSection
	GlobalSection(ProjectConfigurationPlatforms) = postSolution
		{14CED9EF-957D-4777-BB35-DF55F5C33D6D}.Debug|ARM.ActiveCfg = Debug|ARM
		{14CED9EF-957D-4777-BB35-DF55F5C33D6D}.Debug|ARM.Build.0 = Debug|ARM
		{14CED9EF-957D-4777-BB35-DF55F5C33D6D}.Debug|x64.ActiveCfg = Debug|x64
		{14CED9EF-957D-4777-BB35-DF55F5C33D6D}.Debug|x64.Build.0 = Debug|x64
		{14CED9EF-957D-4777-BB35-DF55F5C33D6D}.Debug|x86.ActiveCfg = Debug|x86
		{14CED9EF-957D-4777-BB35-DF55F5C33D6D}.Debug|x86.Build.0 = Debug|x86
		{14CED9EF-957D-4777-BB35-DF55F5C33D6D}.Release|ARM.ActiveCfg = Release|ARM
		{14CED9EF-957D-4777-BB35-DF55F5C33D6D}.Release|ARM.Build.0 = Release|ARM
		{14CED9EF-957D-4777-BB35-DF55F5C33D6D}.Release|x64.ActiveCfg = Release|x64
		{14CED9EF-957D-4777-BB35-DF55F5C33D6D}.Release|x64.Build.0 = Release|x64
		{14CED9EF-957D-4777-BB35-DF55F5C33D6D}.Release|x86.ActiveCfg = Release|x86
		{14CED9EF-957D-4777-BB35-DF55F5C33D6D}.Release|x86.Build.0 = Release|x86
	EndGlobalSection
	GlobalSection(SolutionProperties) = preSolution
		HideSolutionNode = FALSE
	EndGlobalSection
	GlobalSection(ExtensibilityGlobals) = postSolution
		SolutionGuid = {98D980A5-1F4F-413F-86FD-CE46A473FB42}
	EndGlobalSection
EndGlobal
